// !$*UTF8*$!
{
	archiveVersion = 1;
	classes = {
	};
	objectVersion = 46;
	objects = {

/* Begin PBXBuildFile section */
		085937788F8843CF8ACD72B1 /* libPods-PutioKit.a in Frameworks */ = {isa = PBXBuildFile; fileRef = 36016D98451D4874A87B0426 /* libPods-PutioKit.a */; };
		6028B7F915FD08DF002EA5A1 /* PKFile.m in Sources */ = {isa = PBXBuildFile; fileRef = 6028B7F615FD08DF002EA5A1 /* PKFile.m */; };
		6028B7FA15FD08DF002EA5A1 /* PKFile.m in Sources */ = {isa = PBXBuildFile; fileRef = 6028B7F615FD08DF002EA5A1 /* PKFile.m */; };
		6039D03C15FBC8EA00ACA5B4 /* PKTransfer.m in Sources */ = {isa = PBXBuildFile; fileRef = 6039D03915FBC8EA00ACA5B4 /* PKTransfer.m */; };
		6039D03D15FBC8EA00ACA5B4 /* PKTransfer.m in Sources */ = {isa = PBXBuildFile; fileRef = 6039D03915FBC8EA00ACA5B4 /* PKTransfer.m */; };
		60549111163F5B0600E65853 /* PutIOClient.m in Sources */ = {isa = PBXBuildFile; fileRef = 6054910E163F5B0600E65853 /* PutIOClient.m */; };
		60549112163F5B0600E65853 /* V2PutIOAPIClient.m in Sources */ = {isa = PBXBuildFile; fileRef = 60549110163F5B0600E65853 /* V2PutIOAPIClient.m */; };
		60549116163F5C9600E65853 /* PutIONetworkConstants.m in Sources */ = {isa = PBXBuildFile; fileRef = 60549115163F5C9600E65853 /* PutIONetworkConstants.m */; };
		609E79A2163E322A00F85EC4 /* PKObject.m in Sources */ = {isa = PBXBuildFile; fileRef = 609E79A1163E322A00F85EC4 /* PKObject.m */; };
		60A7BFD115FA82A700FEB45E /* Foundation.framework in Frameworks */ = {isa = PBXBuildFile; fileRef = 60A7BFD015FA82A700FEB45E /* Foundation.framework */; };
		60A7BFD615FA82A700FEB45E /* PutioKit.h in CopyFiles */ = {isa = PBXBuildFile; fileRef = 60A7BFD515FA82A700FEB45E /* PutioKit.h */; };
		60A7BFE015FA82A700FEB45E /* SenTestingKit.framework in Frameworks */ = {isa = PBXBuildFile; fileRef = 60A7BFDF15FA82A700FEB45E /* SenTestingKit.framework */; };
		60A7BFE215FA82A700FEB45E /* UIKit.framework in Frameworks */ = {isa = PBXBuildFile; fileRef = 60A7BFE115FA82A700FEB45E /* UIKit.framework */; };
		60A7BFE315FA82A700FEB45E /* Foundation.framework in Frameworks */ = {isa = PBXBuildFile; fileRef = 60A7BFD015FA82A700FEB45E /* Foundation.framework */; };
		60A7BFE615FA82A700FEB45E /* libPutioKit.a in Frameworks */ = {isa = PBXBuildFile; fileRef = 60A7BFCD15FA82A700FEB45E /* libPutioKit.a */; };
		60A7BFEC15FA82A700FEB45E /* InfoPlist.strings in Resources */ = {isa = PBXBuildFile; fileRef = 60A7BFEA15FA82A700FEB45E /* InfoPlist.strings */; };
		60A7BFEF15FA82A700FEB45E /* PutioKitTests.m in Sources */ = {isa = PBXBuildFile; fileRef = 60A7BFEE15FA82A700FEB45E /* PutioKitTests.m */; };
		60A7C00615FA82F600FEB45E /* PKAccount.m in Sources */ = {isa = PBXBuildFile; fileRef = 60A7BFFF15FA82F600FEB45E /* PKAccount.m */; };
		60A7C00715FA82F600FEB45E /* PKAccount.m in Sources */ = {isa = PBXBuildFile; fileRef = 60A7BFFF15FA82F600FEB45E /* PKAccount.m */; };
		60A7C00A15FA8ACA00FEB45E /* PKAccountSettings.m in Sources */ = {isa = PBXBuildFile; fileRef = 60A7C00915FA8ACA00FEB45E /* PKAccountSettings.m */; };
		60A7C00B15FA8ACA00FEB45E /* PKAccountSettings.m in Sources */ = {isa = PBXBuildFile; fileRef = 60A7C00915FA8ACA00FEB45E /* PKAccountSettings.m */; };
		60A7C00E15FA941F00FEB45E /* PKFriend.m in Sources */ = {isa = PBXBuildFile; fileRef = 60A7C00D15FA941F00FEB45E /* PKFriend.m */; };
		60A7C00F15FA941F00FEB45E /* PKFriend.m in Sources */ = {isa = PBXBuildFile; fileRef = 60A7C00D15FA941F00FEB45E /* PKFriend.m */; };
		60BBA07F166BA26B001FA20A /* NSString+DisplayName.m in Sources */ = {isa = PBXBuildFile; fileRef = 60BBA07E166BA26B001FA20A /* NSString+DisplayName.m */; };
		60BBA080166BA26B001FA20A /* NSString+DisplayName.m in Sources */ = {isa = PBXBuildFile; fileRef = 60BBA07E166BA26B001FA20A /* NSString+DisplayName.m */; };
		60DE5BEF1642BAEA00DE850E /* PutIOOAuthHelper.m in Sources */ = {isa = PBXBuildFile; fileRef = 60DE5BEE1642BAEA00DE850E /* PutIOOAuthHelper.m */; };
		60DE5BF61642C05E00DE850E /* PKFolder.m in Sources */ = {isa = PBXBuildFile; fileRef = 60DE5BF51642C05E00DE850E /* PKFolder.m */; };
		60E9B0C2164514450054A1CE /* UIKit.framework in Frameworks */ = {isa = PBXBuildFile; fileRef = 60E9B0C1164514450054A1CE /* UIKit.framework */; };
		60E9B0CD164523410054A1CE /* PKMP4Status.m in Sources */ = {isa = PBXBuildFile; fileRef = 60E9B0CC164523410054A1CE /* PKMP4Status.m */; };
		85F9AFE6360A4E2CB1049AF6 /* libPods.a in Frameworks */ = {isa = PBXBuildFile; fileRef = 25070C1AE9124CAAA0308320 /* libPods.a */; };
		86617B8A177F605B0092B932 /* Cocoa.framework in Frameworks */ = {isa = PBXBuildFile; fileRef = 86617B89177F605B0092B932 /* Cocoa.framework */; };
		86617BB2177F60E60092B932 /* PutioKit.h in Headers */ = {isa = PBXBuildFile; fileRef = 60A7BFD515FA82A700FEB45E /* PutioKit.h */; settings = {ATTRIBUTES = (Public, ); }; };
		86617BB4177F61090092B932 /* PutIOClient.m in Sources */ = {isa = PBXBuildFile; fileRef = 6054910E163F5B0600E65853 /* PutIOClient.m */; };
		86617BB5177F61090092B932 /* V2PutIOAPIClient.m in Sources */ = {isa = PBXBuildFile; fileRef = 60549110163F5B0600E65853 /* V2PutIOAPIClient.m */; };
		86617BB6177F61090092B932 /* PutIONetworkConstants.m in Sources */ = {isa = PBXBuildFile; fileRef = 60549115163F5C9600E65853 /* PutIONetworkConstants.m */; };
		86617BB7177F61090092B932 /* PKObject.m in Sources */ = {isa = PBXBuildFile; fileRef = 609E79A1163E322A00F85EC4 /* PKObject.m */; };
		86617BB8177F61090092B932 /* PKFile.m in Sources */ = {isa = PBXBuildFile; fileRef = 6028B7F615FD08DF002EA5A1 /* PKFile.m */; };
		86617BB9177F61090092B932 /* PKFolder.m in Sources */ = {isa = PBXBuildFile; fileRef = 60DE5BF51642C05E00DE850E /* PKFolder.m */; };
		86617BBA177F61090092B932 /* PKTransfer.m in Sources */ = {isa = PBXBuildFile; fileRef = 6039D03915FBC8EA00ACA5B4 /* PKTransfer.m */; };
		86617BBB177F61090092B932 /* PKFriend.m in Sources */ = {isa = PBXBuildFile; fileRef = 60A7C00D15FA941F00FEB45E /* PKFriend.m */; };
		86617BBC177F61090092B932 /* PKAccount.m in Sources */ = {isa = PBXBuildFile; fileRef = 60A7BFFF15FA82F600FEB45E /* PKAccount.m */; };
		86617BBD177F61090092B932 /* PKAccountSettings.m in Sources */ = {isa = PBXBuildFile; fileRef = 60A7C00915FA8ACA00FEB45E /* PKAccountSettings.m */; };
		86617BBE177F61090092B932 /* PKMP4Status.m in Sources */ = {isa = PBXBuildFile; fileRef = 60E9B0CC164523410054A1CE /* PKMP4Status.m */; };
		86617BBF177F61090092B932 /* NSString+DisplayName.m in Sources */ = {isa = PBXBuildFile; fileRef = 60BBA07E166BA26B001FA20A /* NSString+DisplayName.m */; };
		86617BC0177F697F0092B932 /* PutIOClient.h in Headers */ = {isa = PBXBuildFile; fileRef = 6054910D163F5B0600E65853 /* PutIOClient.h */; settings = {ATTRIBUTES = (Public, ); }; };
		86617BC1177F69930092B932 /* PKFolderItem.h in Headers */ = {isa = PBXBuildFile; fileRef = 60DE5BF71642C39200DE850E /* PKFolderItem.h */; settings = {ATTRIBUTES = (Public, ); }; };
		86617BC2177F69A40092B932 /* PKFile.h in Headers */ = {isa = PBXBuildFile; fileRef = 6028B7F515FD08DF002EA5A1 /* PKFile.h */; settings = {ATTRIBUTES = (Public, ); }; };
		86617BC3177F69B10092B932 /* PKFolder.h in Headers */ = {isa = PBXBuildFile; fileRef = 60DE5BF41642C05E00DE850E /* PKFolder.h */; settings = {ATTRIBUTES = (Public, ); }; };
		86617BC4177F69BF0092B932 /* PKMP4Status.h in Headers */ = {isa = PBXBuildFile; fileRef = 60E9B0CB164523410054A1CE /* PKMP4Status.h */; settings = {ATTRIBUTES = (Public, ); }; };
		86617BC5177F69CB0092B932 /* PKTransfer.h in Headers */ = {isa = PBXBuildFile; fileRef = 6039D03815FBC8EA00ACA5B4 /* PKTransfer.h */; settings = {ATTRIBUTES = (Public, ); }; };
		86617BC6177F69D80092B932 /* PKAccount.h in Headers */ = {isa = PBXBuildFile; fileRef = 60A7BFFE15FA82F600FEB45E /* PKAccount.h */; settings = {ATTRIBUTES = (Public, ); }; };
		86617BC7177F69E40092B932 /* PKAccountSettings.h in Headers */ = {isa = PBXBuildFile; fileRef = 60A7C00815FA8ACA00FEB45E /* PKAccountSettings.h */; settings = {ATTRIBUTES = (Public, ); }; };
		86617BC8177F69EF0092B932 /* PKFriend.h in Headers */ = {isa = PBXBuildFile; fileRef = 60A7C00C15FA941F00FEB45E /* PKFriend.h */; settings = {ATTRIBUTES = (Public, ); }; };
		EDFB13E164FA4F3999E4FC3E /* libPods-PutioKit for Mac.a in Frameworks */ = {isa = PBXBuildFile; fileRef = 4322E006979C4ADEB1B16335 /* libPods-PutioKit for Mac.a */; };
/* End PBXBuildFile section */

/* Begin PBXContainerItemProxy section */
		60A7BFE415FA82A700FEB45E /* PBXContainerItemProxy */ = {
			isa = PBXContainerItemProxy;
			containerPortal = 60A7BFC415FA82A700FEB45E /* Project object */;
			proxyType = 1;
			remoteGlobalIDString = 60A7BFCC15FA82A700FEB45E;
			remoteInfo = PutioKit;
		};
/* End PBXContainerItemProxy section */

/* Begin PBXCopyFilesBuildPhase section */
		60A7BFCB15FA82A700FEB45E /* CopyFiles */ = {
			isa = PBXCopyFilesBuildPhase;
			buildActionMask = 2147483647;
			dstPath = "include/${PRODUCT_NAME}";
			dstSubfolderSpec = 16;
			files = (
				60A7BFD615FA82A700FEB45E /* PutioKit.h in CopyFiles */,
			);
			runOnlyForDeploymentPostprocessing = 0;
		};
/* End PBXCopyFilesBuildPhase section */

/* Begin PBXFileReference section */
		2391DF3671F44BCBAC4CBDAD /* Pods.xcconfig */ = {isa = PBXFileReference; includeInIndex = 1; lastKnownFileType = text.xcconfig; name = Pods.xcconfig; path = Pods/Pods.xcconfig; sourceTree = SOURCE_ROOT; };
		24B61896F5C444C9B92454D9 /* Pods-PutioKit for Mac.xcconfig */ = {isa = PBXFileReference; includeInIndex = 1; lastKnownFileType = text.xcconfig; name = "Pods-PutioKit for Mac.xcconfig"; path = "Pods/Pods-PutioKit for Mac.xcconfig"; sourceTree = SOURCE_ROOT; };
		25070C1AE9124CAAA0308320 /* libPods.a */ = {isa = PBXFileReference; explicitFileType = archive.ar; includeInIndex = 0; path = libPods.a; sourceTree = BUILT_PRODUCTS_DIR; };
		36016D98451D4874A87B0426 /* libPods-PutioKit.a */ = {isa = PBXFileReference; explicitFileType = archive.ar; includeInIndex = 0; path = "libPods-PutioKit.a"; sourceTree = BUILT_PRODUCTS_DIR; };
		4322E006979C4ADEB1B16335 /* libPods-PutioKit for Mac.a */ = {isa = PBXFileReference; explicitFileType = archive.ar; includeInIndex = 0; path = "libPods-PutioKit for Mac.a"; sourceTree = BUILT_PRODUCTS_DIR; };
		6028B7F515FD08DF002EA5A1 /* PKFile.h */ = {isa = PBXFileReference; fileEncoding = 4; lastKnownFileType = sourcecode.objj.h; path = PKFile.h; sourceTree = "<group>"; };
		6028B7F615FD08DF002EA5A1 /* PKFile.m */ = {isa = PBXFileReference; fileEncoding = 4; lastKnownFileType = sourcecode.c.objc; path = PKFile.m; sourceTree = "<group>"; };
		6039D03815FBC8EA00ACA5B4 /* PKTransfer.h */ = {isa = PBXFileReference; fileEncoding = 4; lastKnownFileType = sourcecode.objj.h; path = PKTransfer.h; sourceTree = "<group>"; };
		6039D03915FBC8EA00ACA5B4 /* PKTransfer.m */ = {isa = PBXFileReference; fileEncoding = 4; lastKnownFileType = sourcecode.c.objc; path = PKTransfer.m; sourceTree = "<group>"; };
		6054910D163F5B0600E65853 /* PutIOClient.h */ = {isa = PBXFileReference; fileEncoding = 4; lastKnownFileType = sourcecode.c.h; path = PutIOClient.h; sourceTree = "<group>"; };
		6054910E163F5B0600E65853 /* PutIOClient.m */ = {isa = PBXFileReference; fileEncoding = 4; lastKnownFileType = sourcecode.c.objc; path = PutIOClient.m; sourceTree = "<group>"; };
		6054910F163F5B0600E65853 /* V2PutIOAPIClient.h */ = {isa = PBXFileReference; fileEncoding = 4; lastKnownFileType = sourcecode.c.h; path = V2PutIOAPIClient.h; sourceTree = "<group>"; };
		60549110163F5B0600E65853 /* V2PutIOAPIClient.m */ = {isa = PBXFileReference; fileEncoding = 4; lastKnownFileType = sourcecode.c.objc; path = V2PutIOAPIClient.m; sourceTree = "<group>"; };
		60549114163F5C9600E65853 /* PutIONetworkConstants.h */ = {isa = PBXFileReference; fileEncoding = 4; lastKnownFileType = sourcecode.c.h; path = PutIONetworkConstants.h; sourceTree = "<group>"; };
		60549115163F5C9600E65853 /* PutIONetworkConstants.m */ = {isa = PBXFileReference; fileEncoding = 4; lastKnownFileType = sourcecode.c.objc; path = PutIONetworkConstants.m; sourceTree = "<group>"; };
		609E79A0163E322A00F85EC4 /* PKObject.h */ = {isa = PBXFileReference; fileEncoding = 4; lastKnownFileType = sourcecode.c.h; path = PKObject.h; sourceTree = "<group>"; };
		609E79A1163E322A00F85EC4 /* PKObject.m */ = {isa = PBXFileReference; fileEncoding = 4; lastKnownFileType = sourcecode.c.objc; path = PKObject.m; sourceTree = "<group>"; };
		60A7BFCD15FA82A700FEB45E /* libPutioKit.a */ = {isa = PBXFileReference; explicitFileType = archive.ar; includeInIndex = 0; path = libPutioKit.a; sourceTree = BUILT_PRODUCTS_DIR; };
		60A7BFD015FA82A700FEB45E /* Foundation.framework */ = {isa = PBXFileReference; includeInIndex = 1; lastKnownFileType = wrapper.framework; name = Foundation.framework; path = System/Library/Frameworks/Foundation.framework; sourceTree = SDKROOT; };
		60A7BFD415FA82A700FEB45E /* PutioKit-Prefix.pch */ = {isa = PBXFileReference; lastKnownFileType = sourcecode.c.h; path = "PutioKit-Prefix.pch"; sourceTree = "<group>"; };
		60A7BFD515FA82A700FEB45E /* PutioKit.h */ = {isa = PBXFileReference; lastKnownFileType = sourcecode.c.h; path = PutioKit.h; sourceTree = "<group>"; };
		60A7BFDE15FA82A700FEB45E /* PutioKitTests.octest */ = {isa = PBXFileReference; explicitFileType = wrapper.cfbundle; includeInIndex = 0; path = PutioKitTests.octest; sourceTree = BUILT_PRODUCTS_DIR; };
		60A7BFDF15FA82A700FEB45E /* SenTestingKit.framework */ = {isa = PBXFileReference; lastKnownFileType = wrapper.framework; name = SenTestingKit.framework; path = Library/Frameworks/SenTestingKit.framework; sourceTree = DEVELOPER_DIR; };
		60A7BFE115FA82A700FEB45E /* UIKit.framework */ = {isa = PBXFileReference; lastKnownFileType = wrapper.framework; name = UIKit.framework; path = Library/Frameworks/UIKit.framework; sourceTree = DEVELOPER_DIR; };
		60A7BFE915FA82A700FEB45E /* PutioKitTests-Info.plist */ = {isa = PBXFileReference; lastKnownFileType = text.plist.xml; path = "PutioKitTests-Info.plist"; sourceTree = "<group>"; };
		60A7BFEB15FA82A700FEB45E /* en */ = {isa = PBXFileReference; lastKnownFileType = text.plist.strings; name = en; path = en.lproj/InfoPlist.strings; sourceTree = "<group>"; };
		60A7BFED15FA82A700FEB45E /* PutioKitTests.h */ = {isa = PBXFileReference; lastKnownFileType = sourcecode.c.h; path = PutioKitTests.h; sourceTree = "<group>"; };
		60A7BFEE15FA82A700FEB45E /* PutioKitTests.m */ = {isa = PBXFileReference; lastKnownFileType = sourcecode.c.objc; path = PutioKitTests.m; sourceTree = "<group>"; };
		60A7BFFE15FA82F600FEB45E /* PKAccount.h */ = {isa = PBXFileReference; fileEncoding = 4; lastKnownFileType = sourcecode.c.h; path = PKAccount.h; sourceTree = "<group>"; };
		60A7BFFF15FA82F600FEB45E /* PKAccount.m */ = {isa = PBXFileReference; fileEncoding = 4; lastKnownFileType = sourcecode.c.objc; path = PKAccount.m; sourceTree = "<group>"; };
		60A7C00815FA8ACA00FEB45E /* PKAccountSettings.h */ = {isa = PBXFileReference; fileEncoding = 4; lastKnownFileType = sourcecode.c.h; path = PKAccountSettings.h; sourceTree = "<group>"; };
		60A7C00915FA8ACA00FEB45E /* PKAccountSettings.m */ = {isa = PBXFileReference; fileEncoding = 4; lastKnownFileType = sourcecode.c.objc; path = PKAccountSettings.m; sourceTree = "<group>"; };
		60A7C00C15FA941F00FEB45E /* PKFriend.h */ = {isa = PBXFileReference; fileEncoding = 4; lastKnownFileType = sourcecode.c.h; path = PKFriend.h; sourceTree = "<group>"; };
		60A7C00D15FA941F00FEB45E /* PKFriend.m */ = {isa = PBXFileReference; fileEncoding = 4; lastKnownFileType = sourcecode.c.objc; path = PKFriend.m; sourceTree = "<group>"; };
		60BBA07D166BA26B001FA20A /* NSString+DisplayName.h */ = {isa = PBXFileReference; fileEncoding = 4; lastKnownFileType = sourcecode.c.h; name = "NSString+DisplayName.h"; path = "Categories/NSString+DisplayName.h"; sourceTree = "<group>"; };
		60BBA07E166BA26B001FA20A /* NSString+DisplayName.m */ = {isa = PBXFileReference; fileEncoding = 4; lastKnownFileType = sourcecode.c.objc; name = "NSString+DisplayName.m"; path = "Categories/NSString+DisplayName.m"; sourceTree = "<group>"; };
		60DE5BED1642BAEA00DE850E /* PutIOOAuthHelper.h */ = {isa = PBXFileReference; fileEncoding = 4; lastKnownFileType = sourcecode.c.h; path = PutIOOAuthHelper.h; sourceTree = "<group>"; };
		60DE5BEE1642BAEA00DE850E /* PutIOOAuthHelper.m */ = {isa = PBXFileReference; fileEncoding = 4; lastKnownFileType = sourcecode.c.objc; path = PutIOOAuthHelper.m; sourceTree = "<group>"; };
		60DE5BF41642C05E00DE850E /* PKFolder.h */ = {isa = PBXFileReference; fileEncoding = 4; lastKnownFileType = sourcecode.c.h; path = PKFolder.h; sourceTree = "<group>"; };
		60DE5BF51642C05E00DE850E /* PKFolder.m */ = {isa = PBXFileReference; fileEncoding = 4; lastKnownFileType = sourcecode.c.objc; path = PKFolder.m; sourceTree = "<group>"; };
		60DE5BF71642C39200DE850E /* PKFolderItem.h */ = {isa = PBXFileReference; lastKnownFileType = sourcecode.c.h; path = PKFolderItem.h; sourceTree = "<group>"; };
		60E9B0C1164514450054A1CE /* UIKit.framework */ = {isa = PBXFileReference; lastKnownFileType = wrapper.framework; name = UIKit.framework; path = System/Library/Frameworks/UIKit.framework; sourceTree = SDKROOT; };
		60E9B0CB164523410054A1CE /* PKMP4Status.h */ = {isa = PBXFileReference; fileEncoding = 4; lastKnownFileType = sourcecode.c.h; path = PKMP4Status.h; sourceTree = "<group>"; };
		60E9B0CC164523410054A1CE /* PKMP4Status.m */ = {isa = PBXFileReference; fileEncoding = 4; lastKnownFileType = sourcecode.c.objc; path = PKMP4Status.m; sourceTree = "<group>"; };
		86617B88177F605B0092B932 /* PutioKit for Mac.framework */ = {isa = PBXFileReference; explicitFileType = wrapper.framework; includeInIndex = 0; path = "PutioKit for Mac.framework"; sourceTree = BUILT_PRODUCTS_DIR; };
		86617B89177F605B0092B932 /* Cocoa.framework */ = {isa = PBXFileReference; lastKnownFileType = wrapper.framework; name = Cocoa.framework; path = Library/Frameworks/Cocoa.framework; sourceTree = DEVELOPER_DIR; };
		86617B8C177F605B0092B932 /* Foundation.framework */ = {isa = PBXFileReference; lastKnownFileType = wrapper.framework; name = Foundation.framework; path = Library/Frameworks/Foundation.framework; sourceTree = SDKROOT; };
		86617B8D177F605B0092B932 /* CoreData.framework */ = {isa = PBXFileReference; lastKnownFileType = wrapper.framework; name = CoreData.framework; path = Library/Frameworks/CoreData.framework; sourceTree = SDKROOT; };
		86617B8E177F605B0092B932 /* AppKit.framework */ = {isa = PBXFileReference; lastKnownFileType = wrapper.framework; name = AppKit.framework; path = Library/Frameworks/AppKit.framework; sourceTree = SDKROOT; };
		86617B91177F605B0092B932 /* PutioKit for Mac-Info.plist */ = {isa = PBXFileReference; lastKnownFileType = text.plist.xml; path = "PutioKit for Mac-Info.plist"; sourceTree = "<group>"; };
		86617B95177F605B0092B932 /* PutioKit for Mac-Prefix.pch */ = {isa = PBXFileReference; lastKnownFileType = sourcecode.c.h; path = "PutioKit for Mac-Prefix.pch"; sourceTree = "<group>"; };
		86617B9E177F605B0092B932 /* XCTest.framework */ = {isa = PBXFileReference; lastKnownFileType = wrapper.framework; name = XCTest.framework; path = Library/Frameworks/XCTest.framework; sourceTree = DEVELOPER_DIR; };
		951E6D92D7504C389365BB9E /* Pods-PutioKit.xcconfig */ = {isa = PBXFileReference; includeInIndex = 1; lastKnownFileType = text.xcconfig; name = "Pods-PutioKit.xcconfig"; path = "Pods/Pods-PutioKit.xcconfig"; sourceTree = SOURCE_ROOT; };
/* End PBXFileReference section */

/* Begin PBXFrameworksBuildPhase section */
		60A7BFCA15FA82A700FEB45E /* Frameworks */ = {
			isa = PBXFrameworksBuildPhase;
			buildActionMask = 2147483647;
			files = (
				60E9B0C2164514450054A1CE /* UIKit.framework in Frameworks */,
				60A7BFD115FA82A700FEB45E /* Foundation.framework in Frameworks */,
				85F9AFE6360A4E2CB1049AF6 /* libPods.a in Frameworks */,
				085937788F8843CF8ACD72B1 /* libPods-PutioKit.a in Frameworks */,
			);
			runOnlyForDeploymentPostprocessing = 0;
		};
		60A7BFDA15FA82A700FEB45E /* Frameworks */ = {
			isa = PBXFrameworksBuildPhase;
			buildActionMask = 2147483647;
			files = (
				60A7BFE015FA82A700FEB45E /* SenTestingKit.framework in Frameworks */,
				60A7BFE215FA82A700FEB45E /* UIKit.framework in Frameworks */,
				60A7BFE315FA82A700FEB45E /* Foundation.framework in Frameworks */,
				60A7BFE615FA82A700FEB45E /* libPutioKit.a in Frameworks */,
			);
			runOnlyForDeploymentPostprocessing = 0;
		};
		86617B84177F605B0092B932 /* Frameworks */ = {
			isa = PBXFrameworksBuildPhase;
			buildActionMask = 2147483647;
			files = (
				86617B8A177F605B0092B932 /* Cocoa.framework in Frameworks */,
				EDFB13E164FA4F3999E4FC3E /* libPods-PutioKit for Mac.a in Frameworks */,
			);
			runOnlyForDeploymentPostprocessing = 0;
		};
/* End PBXFrameworksBuildPhase section */

/* Begin PBXGroup section */
		60549117163F5CF100E65853 /* Constants */ = {
			isa = PBXGroup;
			children = (
				60549114163F5C9600E65853 /* PutIONetworkConstants.h */,
				60549115163F5C9600E65853 /* PutIONetworkConstants.m */,
			);
			name = Constants;
			sourceTree = "<group>";
		};
		609E79A4163E323200F85EC4 /* Models */ = {
			isa = PBXGroup;
			children = (
				609E79A0163E322A00F85EC4 /* PKObject.h */,
				609E79A1163E322A00F85EC4 /* PKObject.m */,
				60DE5BF71642C39200DE850E /* PKFolderItem.h */,
				6028B7F515FD08DF002EA5A1 /* PKFile.h */,
				6028B7F615FD08DF002EA5A1 /* PKFile.m */,
				60DE5BF41642C05E00DE850E /* PKFolder.h */,
				60DE5BF51642C05E00DE850E /* PKFolder.m */,
				6039D03815FBC8EA00ACA5B4 /* PKTransfer.h */,
				6039D03915FBC8EA00ACA5B4 /* PKTransfer.m */,
				60A7C00C15FA941F00FEB45E /* PKFriend.h */,
				60A7C00D15FA941F00FEB45E /* PKFriend.m */,
				60A7BFFE15FA82F600FEB45E /* PKAccount.h */,
				60A7BFFF15FA82F600FEB45E /* PKAccount.m */,
				60A7C00815FA8ACA00FEB45E /* PKAccountSettings.h */,
				60A7C00915FA8ACA00FEB45E /* PKAccountSettings.m */,
				60E9B0CB164523410054A1CE /* PKMP4Status.h */,
				60E9B0CC164523410054A1CE /* PKMP4Status.m */,
			);
			path = Models;
			sourceTree = "<group>";
		};
		60A7BFC215FA82A700FEB45E = {
			isa = PBXGroup;
			children = (
				60A7BFD215FA82A700FEB45E /* PutioKit */,
				60A7BFE715FA82A700FEB45E /* PutioKitTests */,
				86617B8F177F605B0092B932 /* PutioKit for Mac */,
				60A7BFCF15FA82A700FEB45E /* Frameworks */,
				60A7BFCE15FA82A700FEB45E /* Products */,
				2391DF3671F44BCBAC4CBDAD /* Pods.xcconfig */,
				951E6D92D7504C389365BB9E /* Pods-PutioKit.xcconfig */,
				24B61896F5C444C9B92454D9 /* Pods-PutioKit for Mac.xcconfig */,
			);
			sourceTree = "<group>";
		};
		60A7BFCE15FA82A700FEB45E /* Products */ = {
			isa = PBXGroup;
			children = (
				60A7BFCD15FA82A700FEB45E /* libPutioKit.a */,
				60A7BFDE15FA82A700FEB45E /* PutioKitTests.octest */,
				86617B88177F605B0092B932 /* PutioKit for Mac.framework */,
			);
			name = Products;
			sourceTree = "<group>";
		};
		60A7BFCF15FA82A700FEB45E /* Frameworks */ = {
			isa = PBXGroup;
			children = (
				60E9B0C1164514450054A1CE /* UIKit.framework */,
				60A7BFD015FA82A700FEB45E /* Foundation.framework */,
				60A7BFDF15FA82A700FEB45E /* SenTestingKit.framework */,
				60A7BFE115FA82A700FEB45E /* UIKit.framework */,
				25070C1AE9124CAAA0308320 /* libPods.a */,
				86617B89177F605B0092B932 /* Cocoa.framework */,
				86617B9E177F605B0092B932 /* XCTest.framework */,
				86617B8B177F605B0092B932 /* Other Frameworks */,
				36016D98451D4874A87B0426 /* libPods-PutioKit.a */,
				4322E006979C4ADEB1B16335 /* libPods-PutioKit for Mac.a */,
			);
			name = Frameworks;
			sourceTree = "<group>";
		};
		60A7BFD215FA82A700FEB45E /* PutioKit */ = {
			isa = PBXGroup;
			children = (
				60A7BFD515FA82A700FEB45E /* PutioKit.h */,
				60DE5BED1642BAEA00DE850E /* PutIOOAuthHelper.h */,
				60DE5BEE1642BAEA00DE850E /* PutIOOAuthHelper.m */,
				6054910D163F5B0600E65853 /* PutIOClient.h */,
				6054910E163F5B0600E65853 /* PutIOClient.m */,
				6054910F163F5B0600E65853 /* V2PutIOAPIClient.h */,
				60549110163F5B0600E65853 /* V2PutIOAPIClient.m */,
				60549117163F5CF100E65853 /* Constants */,
				609E79A4163E323200F85EC4 /* Models */,
				60A7BFD315FA82A700FEB45E /* Supporting Files */,
				60BBA07D166BA26B001FA20A /* NSString+DisplayName.h */,
				60BBA07E166BA26B001FA20A /* NSString+DisplayName.m */,
			);
			path = PutioKit;
			sourceTree = "<group>";
		};
		60A7BFD315FA82A700FEB45E /* Supporting Files */ = {
			isa = PBXGroup;
			children = (
				60A7BFD415FA82A700FEB45E /* PutioKit-Prefix.pch */,
			);
			name = "Supporting Files";
			sourceTree = "<group>";
		};
		60A7BFE715FA82A700FEB45E /* PutioKitTests */ = {
			isa = PBXGroup;
			children = (
				60A7BFED15FA82A700FEB45E /* PutioKitTests.h */,
				60A7BFEE15FA82A700FEB45E /* PutioKitTests.m */,
				60A7BFE815FA82A700FEB45E /* Supporting Files */,
			);
			path = PutioKitTests;
			sourceTree = "<group>";
		};
		60A7BFE815FA82A700FEB45E /* Supporting Files */ = {
			isa = PBXGroup;
			children = (
				60A7BFE915FA82A700FEB45E /* PutioKitTests-Info.plist */,
				60A7BFEA15FA82A700FEB45E /* InfoPlist.strings */,
			);
			name = "Supporting Files";
			sourceTree = "<group>";
		};
		86617B8B177F605B0092B932 /* Other Frameworks */ = {
			isa = PBXGroup;
			children = (
				86617B8C177F605B0092B932 /* Foundation.framework */,
				86617B8D177F605B0092B932 /* CoreData.framework */,
				86617B8E177F605B0092B932 /* AppKit.framework */,
			);
			name = "Other Frameworks";
			sourceTree = "<group>";
		};
		86617B8F177F605B0092B932 /* PutioKit for Mac */ = {
			isa = PBXGroup;
			children = (
				86617B90177F605B0092B932 /* Supporting Files */,
			);
			path = "PutioKit for Mac";
			sourceTree = "<group>";
		};
		86617B90177F605B0092B932 /* Supporting Files */ = {
			isa = PBXGroup;
			children = (
				86617B91177F605B0092B932 /* PutioKit for Mac-Info.plist */,
				86617B95177F605B0092B932 /* PutioKit for Mac-Prefix.pch */,
			);
			name = "Supporting Files";
			sourceTree = "<group>";
		};
/* End PBXGroup section */

/* Begin PBXHeadersBuildPhase section */
		86617B85177F605B0092B932 /* Headers */ = {
			isa = PBXHeadersBuildPhase;
			buildActionMask = 2147483647;
			files = (
				86617BC1177F69930092B932 /* PKFolderItem.h in Headers */,
				86617BC8177F69EF0092B932 /* PKFriend.h in Headers */,
				86617BC6177F69D80092B932 /* PKAccount.h in Headers */,
				86617BC4177F69BF0092B932 /* PKMP4Status.h in Headers */,
				86617BC3177F69B10092B932 /* PKFolder.h in Headers */,
				86617BC2177F69A40092B932 /* PKFile.h in Headers */,
				86617BB2177F60E60092B932 /* PutioKit.h in Headers */,
				86617BC0177F697F0092B932 /* PutIOClient.h in Headers */,
				86617BC7177F69E40092B932 /* PKAccountSettings.h in Headers */,
				86617BC5177F69CB0092B932 /* PKTransfer.h in Headers */,
			);
			runOnlyForDeploymentPostprocessing = 0;
		};
/* End PBXHeadersBuildPhase section */

/* Begin PBXNativeTarget section */
		60A7BFCC15FA82A700FEB45E /* PutioKit */ = {
			isa = PBXNativeTarget;
			buildConfigurationList = 60A7BFF215FA82A700FEB45E /* Build configuration list for PBXNativeTarget "PutioKit" */;
			buildPhases = (
				59664DE2CDB0484383F96B7F /* Check Pods Manifest.lock */,
				60A7BFC915FA82A700FEB45E /* Sources */,
				60A7BFCA15FA82A700FEB45E /* Frameworks */,
				60A7BFCB15FA82A700FEB45E /* CopyFiles */,
				6804E653AFB44D35860808DA /* Copy Pods Resources */,
				E4D16BEFB8E44DF58352E23C /* Copy Pods Resources */,
			);
			buildRules = (
			);
			dependencies = (
			);
			name = PutioKit;
			productName = PutioKit;
			productReference = 60A7BFCD15FA82A700FEB45E /* libPutioKit.a */;
			productType = "com.apple.product-type.library.static";
		};
		60A7BFDD15FA82A700FEB45E /* PutioKitTests */ = {
			isa = PBXNativeTarget;
			buildConfigurationList = 60A7BFF515FA82A700FEB45E /* Build configuration list for PBXNativeTarget "PutioKitTests" */;
			buildPhases = (
				60A7BFD915FA82A700FEB45E /* Sources */,
				60A7BFDA15FA82A700FEB45E /* Frameworks */,
				60A7BFDB15FA82A700FEB45E /* Resources */,
				60A7BFDC15FA82A700FEB45E /* ShellScript */,
			);
			buildRules = (
			);
			dependencies = (
				60A7BFE515FA82A700FEB45E /* PBXTargetDependency */,
			);
			name = PutioKitTests;
			productName = PutioKitTests;
			productReference = 60A7BFDE15FA82A700FEB45E /* PutioKitTests.octest */;
			productType = "com.apple.product-type.bundle";
		};
		86617B87177F605B0092B932 /* PutioKit for Mac */ = {
			isa = PBXNativeTarget;
			buildConfigurationList = 86617BB0177F605B0092B932 /* Build configuration list for PBXNativeTarget "PutioKit for Mac" */;
			buildPhases = (
				45F1FB781C6D4B0DA5450793 /* Check Pods Manifest.lock */,
				86617B83177F605B0092B932 /* Sources */,
				86617B84177F605B0092B932 /* Frameworks */,
				86617B85177F605B0092B932 /* Headers */,
				86617B86177F605B0092B932 /* Resources */,
				57593608EF934069946759AA /* Copy Pods Resources */,
			);
			buildRules = (
			);
			dependencies = (
			);
			name = "PutioKit for Mac";
			productName = "PutioKit for Mac";
			productReference = 86617B88177F605B0092B932 /* PutioKit for Mac.framework */;
			productType = "com.apple.product-type.framework";
		};
/* End PBXNativeTarget section */

/* Begin PBXProject section */
		60A7BFC415FA82A700FEB45E /* Project object */ = {
			isa = PBXProject;
			attributes = {
				CLASSPREFIX = PK;
				LastUpgradeCheck = 0500;
				ORGANIZATIONNAME = PutIOKit;
			};
			buildConfigurationList = 60A7BFC715FA82A700FEB45E /* Build configuration list for PBXProject "PutioKit" */;
			compatibilityVersion = "Xcode 3.2";
			developmentRegion = English;
			hasScannedForEncodings = 0;
			knownRegions = (
				en,
			);
			mainGroup = 60A7BFC215FA82A700FEB45E;
			productRefGroup = 60A7BFCE15FA82A700FEB45E /* Products */;
			projectDirPath = "";
			projectRoot = "";
			targets = (
				60A7BFCC15FA82A700FEB45E /* PutioKit */,
				60A7BFDD15FA82A700FEB45E /* PutioKitTests */,
				86617B87177F605B0092B932 /* PutioKit for Mac */,
			);
		};
/* End PBXProject section */

/* Begin PBXResourcesBuildPhase section */
		60A7BFDB15FA82A700FEB45E /* Resources */ = {
			isa = PBXResourcesBuildPhase;
			buildActionMask = 2147483647;
			files = (
				60A7BFEC15FA82A700FEB45E /* InfoPlist.strings in Resources */,
			);
			runOnlyForDeploymentPostprocessing = 0;
		};
		86617B86177F605B0092B932 /* Resources */ = {
			isa = PBXResourcesBuildPhase;
			buildActionMask = 2147483647;
			files = (
			);
			runOnlyForDeploymentPostprocessing = 0;
		};
/* End PBXResourcesBuildPhase section */

/* Begin PBXShellScriptBuildPhase section */
		45F1FB781C6D4B0DA5450793 /* Check Pods Manifest.lock */ = {
			isa = PBXShellScriptBuildPhase;
			buildActionMask = 2147483647;
			files = (
			);
			inputPaths = (
			);
			name = "Check Pods Manifest.lock";
			outputPaths = (
			);
			runOnlyForDeploymentPostprocessing = 0;
			shellPath = /bin/sh;
			shellScript = "diff \"${PODS_ROOT}/../Podfile.lock\" \"${PODS_ROOT}/Manifest.lock\" > /dev/null\nif [[ $? != 0 ]] ; then\n    cat << EOM\nerror: The sandbox is not in sync with the Podfile.lock. Run 'pod install' or update your CocoaPods installation.\nEOM\n    exit 1\nfi\n";
		};
		57593608EF934069946759AA /* Copy Pods Resources */ = {
			isa = PBXShellScriptBuildPhase;
			buildActionMask = 2147483647;
			files = (
			);
			inputPaths = (
			);
			name = "Copy Pods Resources";
			outputPaths = (
			);
			runOnlyForDeploymentPostprocessing = 0;
			shellPath = /bin/sh;
			shellScript = "\"${SRCROOT}/Pods/Pods-PutioKit for Mac-resources.sh\"\n";
		};
		59664DE2CDB0484383F96B7F /* Check Pods Manifest.lock */ = {
			isa = PBXShellScriptBuildPhase;
			buildActionMask = 2147483647;
			files = (
			);
			inputPaths = (
			);
			name = "Check Pods Manifest.lock";
			outputPaths = (
			);
			runOnlyForDeploymentPostprocessing = 0;
			shellPath = /bin/sh;
			shellScript = "diff \"${PODS_ROOT}/../Podfile.lock\" \"${PODS_ROOT}/Manifest.lock\" > /dev/null\nif [[ $? != 0 ]] ; then\n    cat << EOM\nerror: The sandbox is not in sync with the Podfile.lock. Run 'pod install' or update your CocoaPods installation.\nEOM\n    exit 1\nfi\n";
		};
		60A7BFDC15FA82A700FEB45E /* ShellScript */ = {
			isa = PBXShellScriptBuildPhase;
			buildActionMask = 2147483647;
			files = (
			);
			inputPaths = (
			);
			outputPaths = (
			);
			runOnlyForDeploymentPostprocessing = 0;
			shellPath = /bin/sh;
			shellScript = "# Run the unit tests in this test bundle.\n\"${SYSTEM_DEVELOPER_DIR}/Tools/RunUnitTests\"\n";
		};
		6804E653AFB44D35860808DA /* Copy Pods Resources */ = {
			isa = PBXShellScriptBuildPhase;
			buildActionMask = 2147483647;
			files = (
			);
			inputPaths = (
			);
			name = "Copy Pods Resources";
			outputPaths = (
			);
			runOnlyForDeploymentPostprocessing = 0;
			shellPath = /bin/sh;
			shellScript = "\"${SRCROOT}/Pods/Pods-resources.sh\"\n";
		};
		E4D16BEFB8E44DF58352E23C /* Copy Pods Resources */ = {
			isa = PBXShellScriptBuildPhase;
			buildActionMask = 2147483647;
			files = (
			);
			inputPaths = (
			);
			name = "Copy Pods Resources";
			outputPaths = (
			);
			runOnlyForDeploymentPostprocessing = 0;
			shellPath = /bin/sh;
			shellScript = "\"${SRCROOT}/Pods/Pods-PutioKit-resources.sh\"\n";
		};
/* End PBXShellScriptBuildPhase section */

/* Begin PBXSourcesBuildPhase section */
		60A7BFC915FA82A700FEB45E /* Sources */ = {
			isa = PBXSourcesBuildPhase;
			buildActionMask = 2147483647;
			files = (
				60A7C00615FA82F600FEB45E /* PKAccount.m in Sources */,
				60A7C00A15FA8ACA00FEB45E /* PKAccountSettings.m in Sources */,
				60A7C00E15FA941F00FEB45E /* PKFriend.m in Sources */,
				6039D03C15FBC8EA00ACA5B4 /* PKTransfer.m in Sources */,
				6028B7F915FD08DF002EA5A1 /* PKFile.m in Sources */,
				609E79A2163E322A00F85EC4 /* PKObject.m in Sources */,
				60549111163F5B0600E65853 /* PutIOClient.m in Sources */,
				60549112163F5B0600E65853 /* V2PutIOAPIClient.m in Sources */,
				60549116163F5C9600E65853 /* PutIONetworkConstants.m in Sources */,
				60DE5BEF1642BAEA00DE850E /* PutIOOAuthHelper.m in Sources */,
				60DE5BF61642C05E00DE850E /* PKFolder.m in Sources */,
				60E9B0CD164523410054A1CE /* PKMP4Status.m in Sources */,
				60BBA07F166BA26B001FA20A /* NSString+DisplayName.m in Sources */,
			);
			runOnlyForDeploymentPostprocessing = 0;
		};
		60A7BFD915FA82A700FEB45E /* Sources */ = {
			isa = PBXSourcesBuildPhase;
			buildActionMask = 2147483647;
			files = (
				60A7BFEF15FA82A700FEB45E /* PutioKitTests.m in Sources */,
				60A7C00715FA82F600FEB45E /* PKAccount.m in Sources */,
				60A7C00B15FA8ACA00FEB45E /* PKAccountSettings.m in Sources */,
				60A7C00F15FA941F00FEB45E /* PKFriend.m in Sources */,
				6039D03D15FBC8EA00ACA5B4 /* PKTransfer.m in Sources */,
				6028B7FA15FD08DF002EA5A1 /* PKFile.m in Sources */,
				60BBA080166BA26B001FA20A /* NSString+DisplayName.m in Sources */,
			);
			runOnlyForDeploymentPostprocessing = 0;
		};
		86617B83177F605B0092B932 /* Sources */ = {
			isa = PBXSourcesBuildPhase;
			buildActionMask = 2147483647;
			files = (
				86617BB4177F61090092B932 /* PutIOClient.m in Sources */,
				86617BB5177F61090092B932 /* V2PutIOAPIClient.m in Sources */,
				86617BB6177F61090092B932 /* PutIONetworkConstants.m in Sources */,
				86617BB7177F61090092B932 /* PKObject.m in Sources */,
				86617BB8177F61090092B932 /* PKFile.m in Sources */,
				86617BB9177F61090092B932 /* PKFolder.m in Sources */,
				86617BBA177F61090092B932 /* PKTransfer.m in Sources */,
				86617BBB177F61090092B932 /* PKFriend.m in Sources */,
				86617BBC177F61090092B932 /* PKAccount.m in Sources */,
				86617BBD177F61090092B932 /* PKAccountSettings.m in Sources */,
				86617BBE177F61090092B932 /* PKMP4Status.m in Sources */,
				86617BBF177F61090092B932 /* NSString+DisplayName.m in Sources */,
			);
			runOnlyForDeploymentPostprocessing = 0;
		};
/* End PBXSourcesBuildPhase section */

/* Begin PBXTargetDependency section */
		60A7BFE515FA82A700FEB45E /* PBXTargetDependency */ = {
			isa = PBXTargetDependency;
			target = 60A7BFCC15FA82A700FEB45E /* PutioKit */;
			targetProxy = 60A7BFE415FA82A700FEB45E /* PBXContainerItemProxy */;
		};
/* End PBXTargetDependency section */

/* Begin PBXVariantGroup section */
		60A7BFEA15FA82A700FEB45E /* InfoPlist.strings */ = {
			isa = PBXVariantGroup;
			children = (
				60A7BFEB15FA82A700FEB45E /* en */,
			);
			name = InfoPlist.strings;
			sourceTree = "<group>";
		};
/* End PBXVariantGroup section */

/* Begin XCBuildConfiguration section */
		60A7BFF015FA82A700FEB45E /* Debug */ = {
			isa = XCBuildConfiguration;
			buildSettings = {
				ALWAYS_SEARCH_USER_PATHS = NO;
				CLANG_CXX_LANGUAGE_STANDARD = "gnu++0x";
				CLANG_ENABLE_OBJC_ARC = YES;
				CLANG_WARN_BOOL_CONVERSION = YES;
				CLANG_WARN_CONSTANT_CONVERSION = YES;
				CLANG_WARN_EMPTY_BODY = YES;
				CLANG_WARN_ENUM_CONVERSION = YES;
				CLANG_WARN_INT_CONVERSION = YES;
				CLANG_WARN__DUPLICATE_METHOD_MATCH = YES;
				COPY_PHASE_STRIP = NO;
				GCC_C_LANGUAGE_STANDARD = gnu99;
				GCC_DYNAMIC_NO_PIC = NO;
				GCC_OPTIMIZATION_LEVEL = 0;
				GCC_PREPROCESSOR_DEFINITIONS = (
					"DEBUG=1",
					"$(inherited)",
				);
				GCC_SYMBOLS_PRIVATE_EXTERN = NO;
				GCC_VERSION = com.apple.compilers.llvm.clang.1_0;
				GCC_WARN_ABOUT_RETURN_TYPE = YES;
				GCC_WARN_UNDECLARED_SELECTOR = YES;
				GCC_WARN_UNINITIALIZED_AUTOS = YES;
				GCC_WARN_UNUSED_FUNCTION = YES;
				GCC_WARN_UNUSED_VARIABLE = YES;
				IPHONEOS_DEPLOYMENT_TARGET = 5.1;
				ONLY_ACTIVE_ARCH = YES;
				SDKROOT = iphoneos;
			};
			name = Debug;
		};
		60A7BFF115FA82A700FEB45E /* Release */ = {
			isa = XCBuildConfiguration;
			buildSettings = {
				ALWAYS_SEARCH_USER_PATHS = NO;
				CLANG_CXX_LANGUAGE_STANDARD = "gnu++0x";
				CLANG_ENABLE_OBJC_ARC = YES;
				CLANG_WARN_BOOL_CONVERSION = YES;
				CLANG_WARN_CONSTANT_CONVERSION = YES;
				CLANG_WARN_EMPTY_BODY = YES;
				CLANG_WARN_ENUM_CONVERSION = YES;
				CLANG_WARN_INT_CONVERSION = YES;
				CLANG_WARN__DUPLICATE_METHOD_MATCH = YES;
				COPY_PHASE_STRIP = YES;
				GCC_C_LANGUAGE_STANDARD = gnu99;
				GCC_VERSION = com.apple.compilers.llvm.clang.1_0;
				GCC_WARN_ABOUT_RETURN_TYPE = YES;
				GCC_WARN_UNDECLARED_SELECTOR = YES;
				GCC_WARN_UNINITIALIZED_AUTOS = YES;
				GCC_WARN_UNUSED_FUNCTION = YES;
				GCC_WARN_UNUSED_VARIABLE = YES;
				IPHONEOS_DEPLOYMENT_TARGET = 5.1;
				SDKROOT = iphoneos;
				VALIDATE_PRODUCT = YES;
			};
			name = Release;
		};
		60A7BFF315FA82A700FEB45E /* Debug */ = {
			isa = XCBuildConfiguration;
			baseConfigurationReference = 951E6D92D7504C389365BB9E /* Pods-PutioKit.xcconfig */;
			buildSettings = {
				DSTROOT = /tmp/PutioKit.dst;
				GCC_PRECOMPILE_PREFIX_HEADER = YES;
				GCC_PREFIX_HEADER = "PutioKit/PutioKit-Prefix.pch";
				OTHER_LDFLAGS = (
					"$(inherited)",
					"-ObjC",
				);
				PRODUCT_NAME = "$(TARGET_NAME)";
				SKIP_INSTALL = YES;
			};
			name = Debug;
		};
		60A7BFF415FA82A700FEB45E /* Release */ = {
			isa = XCBuildConfiguration;
			baseConfigurationReference = 951E6D92D7504C389365BB9E /* Pods-PutioKit.xcconfig */;
			buildSettings = {
				DSTROOT = /tmp/PutioKit.dst;
				GCC_PRECOMPILE_PREFIX_HEADER = YES;
				GCC_PREFIX_HEADER = "PutioKit/PutioKit-Prefix.pch";
				OTHER_LDFLAGS = (
					"$(inherited)",
					"-ObjC",
				);
				PRODUCT_NAME = "$(TARGET_NAME)";
				SKIP_INSTALL = YES;
			};
			name = Release;
		};
		60A7BFF615FA82A700FEB45E /* Debug */ = {
			isa = XCBuildConfiguration;
			buildSettings = {
				FRAMEWORK_SEARCH_PATHS = (
					"\"$(SDKROOT)/Developer/Library/Frameworks\"",
					"\"$(DEVELOPER_LIBRARY_DIR)/Frameworks\"",
				);
				GCC_PRECOMPILE_PREFIX_HEADER = YES;
				GCC_PREFIX_HEADER = "PutioKit/PutioKit-Prefix.pch";
				INFOPLIST_FILE = "PutioKitTests/PutioKitTests-Info.plist";
				PRODUCT_NAME = "$(TARGET_NAME)";
				WRAPPER_EXTENSION = octest;
			};
			name = Debug;
		};
		60A7BFF715FA82A700FEB45E /* Release */ = {
			isa = XCBuildConfiguration;
			buildSettings = {
				FRAMEWORK_SEARCH_PATHS = (
					"\"$(SDKROOT)/Developer/Library/Frameworks\"",
					"\"$(DEVELOPER_LIBRARY_DIR)/Frameworks\"",
				);
				GCC_PRECOMPILE_PREFIX_HEADER = YES;
				GCC_PREFIX_HEADER = "PutioKit/PutioKit-Prefix.pch";
				INFOPLIST_FILE = "PutioKitTests/PutioKitTests-Info.plist";
				PRODUCT_NAME = "$(TARGET_NAME)";
				WRAPPER_EXTENSION = octest;
			};
			name = Release;
		};
		86617BAC177F605B0092B932 /* Debug */ = {
			isa = XCBuildConfiguration;
			baseConfigurationReference = 24B61896F5C444C9B92454D9 /* Pods-PutioKit for Mac.xcconfig */;
			buildSettings = {
				CLANG_CXX_LIBRARY = "libc++";
				CLANG_ENABLE_MODULES = YES;
				CLANG_WARN_BOOL_CONVERSION = YES;
				CLANG_WARN_CONSTANT_CONVERSION = YES;
				CLANG_WARN_DIRECT_OBJC_ISA_USAGE = YES_ERROR;
				CLANG_WARN_EMPTY_BODY = YES;
				CLANG_WARN_ENUM_CONVERSION = YES;
				CLANG_WARN_INT_CONVERSION = YES;
				CLANG_WARN_OBJC_ROOT_CLASS = YES_ERROR;
				COMBINE_HIDPI_IMAGES = YES;
				DYLIB_COMPATIBILITY_VERSION = 1;
				DYLIB_CURRENT_VERSION = 1;
				FRAMEWORK_SEARCH_PATHS = (
					"$(inherited)",
					"$(SYSTEM_APPS_DIR)/Xcode5-DP.app/Contents/Developer/Library/Frameworks",
				);
				FRAMEWORK_VERSION = A;
				GCC_ENABLE_OBJC_EXCEPTIONS = YES;
				GCC_PRECOMPILE_PREFIX_HEADER = YES;
				GCC_PREFIX_HEADER = "PutioKit for Mac/PutioKit for Mac-Prefix.pch";
				GCC_PREPROCESSOR_DEFINITIONS = (
					"DEBUG=1",
					"$(inherited)",
				);
				GCC_WARN_64_TO_32_BIT_CONVERSION = YES;
				GCC_WARN_ABOUT_RETURN_TYPE = YES_ERROR;
				GCC_WARN_UNDECLARED_SELECTOR = YES;
				GCC_WARN_UNUSED_FUNCTION = YES;
				HEADER_SEARCH_PATHS = "$(inherited)";
				INFOPLIST_FILE = "PutioKit for Mac/PutioKit for Mac-Info.plist";
				MACOSX_DEPLOYMENT_TARGET = 10.8;
				ONLY_ACTIVE_ARCH = YES;
				PRODUCT_NAME = "$(TARGET_NAME)";
				SDKROOT = macosx;
				WRAPPER_EXTENSION = framework;
			};
			name = Debug;
		};
		86617BAD177F605B0092B932 /* Release */ = {
			isa = XCBuildConfiguration;
			baseConfigurationReference = 24B61896F5C444C9B92454D9 /* Pods-PutioKit for Mac.xcconfig */;
			buildSettings = {
				CLANG_CXX_LIBRARY = "libc++";
				CLANG_ENABLE_MODULES = YES;
				CLANG_WARN_BOOL_CONVERSION = YES;
				CLANG_WARN_CONSTANT_CONVERSION = YES;
				CLANG_WARN_DIRECT_OBJC_ISA_USAGE = YES_ERROR;
				CLANG_WARN_EMPTY_BODY = YES;
				CLANG_WARN_ENUM_CONVERSION = YES;
				CLANG_WARN_INT_CONVERSION = YES;
				CLANG_WARN_OBJC_ROOT_CLASS = YES_ERROR;
				COMBINE_HIDPI_IMAGES = YES;
				DEBUG_INFORMATION_FORMAT = "dwarf-with-dsym";
				DYLIB_COMPATIBILITY_VERSION = 1;
				DYLIB_CURRENT_VERSION = 1;
				ENABLE_NS_ASSERTIONS = NO;
				FRAMEWORK_SEARCH_PATHS = (
					"$(inherited)",
					"$(SYSTEM_APPS_DIR)/Xcode5-DP.app/Contents/Developer/Library/Frameworks",
				);
				FRAMEWORK_VERSION = A;
				GCC_ENABLE_OBJC_EXCEPTIONS = YES;
				GCC_PRECOMPILE_PREFIX_HEADER = YES;
				GCC_PREFIX_HEADER = "PutioKit for Mac/PutioKit for Mac-Prefix.pch";
				GCC_WARN_64_TO_32_BIT_CONVERSION = YES;
				GCC_WARN_ABOUT_RETURN_TYPE = YES_ERROR;
				GCC_WARN_UNDECLARED_SELECTOR = YES;
				GCC_WARN_UNUSED_FUNCTION = YES;
				HEADER_SEARCH_PATHS = "$(inherited)";
				INFOPLIST_FILE = "PutioKit for Mac/PutioKit for Mac-Info.plist";
				MACOSX_DEPLOYMENT_TARGET = 10.8;
				PRODUCT_NAME = "$(TARGET_NAME)";
				SDKROOT = macosx;
				WRAPPER_EXTENSION = framework;
			};
			name = Release;
		};
/* End XCBuildConfiguration section */

/* Begin XCConfigurationList section */
		60A7BFC715FA82A700FEB45E /* Build configuration list for PBXProject "PutioKit" */ = {
			isa = XCConfigurationList;
			buildConfigurations = (
				60A7BFF015FA82A700FEB45E /* Debug */,
				60A7BFF115FA82A700FEB45E /* Release */,
			);
			defaultConfigurationIsVisible = 0;
			defaultConfigurationName = Release;
		};
		60A7BFF215FA82A700FEB45E /* Build configuration list for PBXNativeTarget "PutioKit" */ = {
			isa = XCConfigurationList;
			buildConfigurations = (
				60A7BFF315FA82A700FEB45E /* Debug */,
				60A7BFF415FA82A700FEB45E /* Release */,
			);
			defaultConfigurationIsVisible = 0;
			defaultConfigurationName = Release;
		};
		60A7BFF515FA82A700FEB45E /* Build configuration list for PBXNativeTarget "PutioKitTests" */ = {
			isa = XCConfigurationList;
			buildConfigurations = (
				60A7BFF615FA82A700FEB45E /* Debug */,
				60A7BFF715FA82A700FEB45E /* Release */,
			);
			defaultConfigurationIsVisible = 0;
			defaultConfigurationName = Release;
		};
		86617BB0177F605B0092B932 /* Build configuration list for PBXNativeTarget "PutioKit for Mac" */ = {
			isa = XCConfigurationList;
			buildConfigurations = (
				86617BAC177F605B0092B932 /* Debug */,
				86617BAD177F605B0092B932 /* Release */,
			);
			defaultConfigurationIsVisible = 0;
			defaultConfigurationName = Release;
		};
/* End XCConfigurationList section */
	};
	rootObject = 60A7BFC415FA82A700FEB45E /* Project object */;
}
